Microsoft Visual Studio Solution File, Format Version 12.00
# Visual Studio Version 17
VisualStudioVersion = 17.5.2.0
MinimumVisualStudioVersion = 10.0.40219.1
Project("{FAE04EC0-301F-11D3-BF4B-00C04F79EFBC}") = "a", "a.csproj", "{4D516CAD-D82F-FCED-6393-3824BABAF076}"
EndProject
Global
	GlobalSection(SolutionConfigurationPlatforms) = preSolution
		Debug|Any CPU = Debug|Any CPU
		Release|Any CPU = Release|Any CPU
	EndGlobalSection
	GlobalSection(ProjectConfigurationPlatforms) = postSolution
		{4D516CAD-D82F-FCED-6393-3824BABAF076}.Debug|Any CPU.ActiveCfg = Debug|Any CPU
		{4D516CAD-D82F-FCED-6393-3824BABAF076}.Debug|Any CPU.Build.0 = Debug|Any CPU
		{4D516CAD-D82F-FCED-6393-3824BABAF076}.Release|Any CPU.ActiveCfg = Release|Any CPU
		{4D516CAD-D82F-FCED-6393-3824BABAF076}.Release|Any CPU.Build.0 = Release|Any CPU
	EndGlobalSection
	GlobalSection(SolutionProperties) = preSolution
		HideSolutionNode = FALSE
	EndGlobalSection
	GlobalSection(ExtensibilityGlobals) = postSolution
		SolutionGuid = {BDEF6F4C-6219-4644-8CF8-1F62792D92BE}
	EndGlobalSection
EndGlobal
